
Microsoft Visual Studio Solution File, Format Version 12.00
# Visual Studio 15
VisualStudioVersion = 15.0.28307.106
MinimumVisualStudioVersion = 10.0.40219.1
Project("{FAE04EC0-301F-11D3-BF4B-00C04F79EFBC}") = "ShawnD", "ShawnD\ShawnD.csproj", "{001653E2-B23C-40FE-9A52-11805C075ABD}"
EndProject
Global
	GlobalSection(SolutionConfigurationPlatforms) = preSolution
		Debug|Any CPU = Debug|Any CPU
		Release|Any CPU = Release|Any CPU
	EndGlobalSection
	GlobalSection(ProjectConfigurationPlatforms) = postSolution
		{001653E2-B23C-40FE-9A52-11805C075ABD}.Debug|Any CPU.ActiveCfg = Debug|Any CPU
		{001653E2-B23C-40FE-9A52-11805C075ABD}.Debug|Any CPU.Build.0 = Debug|Any CPU
		{001653E2-B23C-40FE-9A52-11805C075ABD}.Release|Any CPU.ActiveCfg = Release|Any CPU
		{001653E2-B23C-40FE-9A52-11805C075ABD}.Release|Any CPU.Build.0 = Release|Any CPU
	EndGlobalSection
	GlobalSection(SolutionProperties) = preSolution
		HideSolutionNode = FALSE
	EndGlobalSection
	GlobalSection(ExtensibilityGlobals) = postSolution
		SolutionGuid = {45A7F031-5A4F-4F9E-8EAB-397D8A048304}
	EndGlobalSection
EndGlobal
